{
  "name": "io.cordova.hellocordova",
  "version": "1.0.0",
  "lockfileVersion": 3,
  "requires": true,
  "packages": {
    "": {
      "name": "io.cordova.hellocordova",
      "version": "1.0.0",
      "license": "Apache-2.0",
      "devDependencies": {
        "cordova-plugin-geolocation": "^5.0.0"
      }
    },
    "node_modules/cordova-plugin-geolocation": {
      "version": "5.0.0",
      "resolved": "https://registry.npmjs.org/cordova-plugin-geolocation/-/cordova-plugin-geolocation-5.0.0.tgz",
      "integrity": "sha512-eIk96pF59y3AK+NHeyA0si9eFhZElgOcFoGoTU9LDlnEYpfBN+V4ojRpKq3NMLCGTozew22/i9najFu9Kvb40g==",
      "dev": true,
      "engines": {
        "cordovaDependencies": {
          "3.0.0": {
            "cordova-android": ">=6.3.0"
          },
          "6.0.0": {
            "cordova": ">100"
          }
        }
      }
    }
  }
}
